
Microsoft Visual Studio Solution File, Format Version 12.00
Project("{FAE04EC0-301F-11D3-BF4B-00C04F79EFBC}") = "LINQ_exercises", "LINQ_exercises\LINQ_exercises.csproj", "{69379424-A57A-4B75-9C4B-07126F59EADE}"
EndProject
Global
	GlobalSection(SolutionConfigurationPlatforms) = preSolution
		Debug|Any CPU = Debug|Any CPU
		Release|Any CPU = Release|Any CPU
	EndGlobalSection
	GlobalSection(ProjectConfigurationPlatforms) = postSolution
		{69379424-A57A-4B75-9C4B-07126F59EADE}.Debug|Any CPU.ActiveCfg = Debug|Any CPU
		{69379424-A57A-4B75-9C4B-07126F59EADE}.Debug|Any CPU.Build.0 = Debug|Any CPU
		{69379424-A57A-4B75-9C4B-07126F59EADE}.Release|Any CPU.ActiveCfg = Release|Any CPU
		{69379424-A57A-4B75-9C4B-07126F59EADE}.Release|Any CPU.Build.0 = Release|Any CPU
	EndGlobalSection
EndGlobal
